
Microsoft Visual Studio Solution File, Format Version 12.00
# Visual Studio Version 17
VisualStudioVersion = 17.5.33502.453
MinimumVisualStudioVersion = 10.0.40219.1
Project("{FAE04EC0-301F-11D3-BF4B-00C04F79EFBC}") = "Tetris_Sorting_WPF", "Tetris_Sorting_WPF.csproj", "{3AABB454-93C8-4E5C-9402-1B7570FA1BDC}"
EndProject
Global
	GlobalSection(SolutionConfigurationPlatforms) = preSolution
		Debug|Any CPU = Debug|Any CPU
		Release|Any CPU = Release|Any CPU
	EndGlobalSection
	GlobalSection(ProjectConfigurationPlatforms) = postSolution
		{3AABB454-93C8-4E5C-9402-1B7570FA1BDC}.Debug|Any CPU.ActiveCfg = Debug|Any CPU
		{3AABB454-93C8-4E5C-9402-1B7570FA1BDC}.Debug|Any CPU.Build.0 = Debug|Any CPU
		{3AABB454-93C8-4E5C-9402-1B7570FA1BDC}.Release|Any CPU.ActiveCfg = Release|Any CPU
		{3AABB454-93C8-4E5C-9402-1B7570FA1BDC}.Release|Any CPU.Build.0 = Release|Any CPU
	EndGlobalSection
	GlobalSection(SolutionProperties) = preSolution
		HideSolutionNode = FALSE
	EndGlobalSection
	GlobalSection(ExtensibilityGlobals) = postSolution
		SolutionGuid = {FF9E32A9-BE29-4E43-80CC-9D7C608F1812}
	EndGlobalSection
EndGlobal
